// !$*UTF8*$!
{
	archiveVersion = 1;
	classes = {
	};
	objectVersion = 60;
	objects = {

/* Begin PBXBuildFile section */
		BF0F03722C1A7A9400001601 /* WWDC24DemoApp.swift in Sources */ = {isa = PBXBuildFile; fileRef = BF0F03712C1A7A9400001601 /* WWDC24DemoApp.swift */; };
		BF0F03742C1A7A9400001601 /* ContentView.swift in Sources */ = {isa = PBXBuildFile; fileRef = BF0F03732C1A7A9400001601 /* ContentView.swift */; };
		BF0F03762C1A7A9500001601 /* Assets.xcassets in Resources */ = {isa = PBXBuildFile; fileRef = BF0F03752C1A7A9500001601 /* Assets.xcassets */; };
		BF0F03792C1A7A9500001601 /* Preview Assets.xcassets in Resources */ = {isa = PBXBuildFile; fileRef = BF0F03782C1A7A9500001601 /* Preview Assets.xcassets */; };
		BF49D3D32C3A74C700A2F521 /* ScrollCell.swift in Sources */ = {isa = PBXBuildFile; fileRef = BF49D3D22C3A74C700A2F521 /* ScrollCell.swift */; };
		BF6E99592C1B346900DB09FA /* WWDC24DemoTests.swift in Sources */ = {isa = PBXBuildFile; fileRef = BF6E99582C1B346900DB09FA /* WWDC24DemoTests.swift */; };
		BF6E99622C1B3C1E00DB09FA /* OnboardingView.swift in Sources */ = {isa = PBXBuildFile; fileRef = BF6E99612C1B3C1E00DB09FA /* OnboardingView.swift */; };
		BF9857842C36945300846628 /* HomeView.swift in Sources */ = {isa = PBXBuildFile; fileRef = BF9857832C36945300846628 /* HomeView.swift */; };
		BF9857862C3694A100846628 /* ScrollViewAPI.swift in Sources */ = {isa = PBXBuildFile; fileRef = BF9857852C3694A100846628 /* ScrollViewAPI.swift */; };
		BFD8B49F2C3D1EAA00366EB2 /* NewSfSymbolDemo.swift in Sources */ = {isa = PBXBuildFile; fileRef = BFD8B49E2C3D1EAA00366EB2 /* NewSfSymbolDemo.swift */; };
		BFF9A4BB2C36955B002F1DF9 /* NewTransitionDemo.swift in Sources */ = {isa = PBXBuildFile; fileRef = BFF9A4BA2C36955B002F1DF9 /* NewTransitionDemo.swift */; };
		BFF9A4BD2C36966C002F1DF9 /* AppleWWDC24AnimatedTextView.swift in Sources */ = {isa = PBXBuildFile; fileRef = BFF9A4BC2C369667002F1DF9 /* AppleWWDC24AnimatedTextView.swift */; };
		BFF9A4BF2C3696C1002F1DF9 /* FontSettings.swift in Sources */ = {isa = PBXBuildFile; fileRef = BFF9A4BE2C3696BF002F1DF9 /* FontSettings.swift */; };
		BFF9A4C12C3696D8002F1DF9 /* Preview.swift in Sources */ = {isa = PBXBuildFile; fileRef = BFF9A4C02C3696D8002F1DF9 /* Preview.swift */; };
/* End PBXBuildFile section */

/* Begin PBXContainerItemProxy section */
		BF6E995A2C1B346900DB09FA /* PBXContainerItemProxy */ = {
			isa = PBXContainerItemProxy;
			containerPortal = BF0F03662C1A7A9400001601 /* Project object */;
			proxyType = 1;
			remoteGlobalIDString = BF0F036D2C1A7A9400001601;
			remoteInfo = WWDC24Demo;
		};
/* End PBXContainerItemProxy section */

/* Begin PBXFileReference section */
		BF0F036E2C1A7A9400001601 /* WWDC24Demo.app */ = {isa = PBXFileReference; explicitFileType = wrapper.application; includeInIndex = 0; path = WWDC24Demo.app; sourceTree = BUILT_PRODUCTS_DIR; };
		BF0F03712C1A7A9400001601 /* WWDC24DemoApp.swift */ = {isa = PBXFileReference; lastKnownFileType = sourcecode.swift; path = WWDC24DemoApp.swift; sourceTree = "<group>"; };
		BF0F03732C1A7A9400001601 /* ContentView.swift */ = {isa = PBXFileReference; lastKnownFileType = sourcecode.swift; path = ContentView.swift; sourceTree = "<group>"; };
		BF0F03752C1A7A9500001601 /* Assets.xcassets */ = {isa = PBXFileReference; lastKnownFileType = folder.assetcatalog; path = Assets.xcassets; sourceTree = "<group>"; };
		BF0F03782C1A7A9500001601 /* Preview Assets.xcassets */ = {isa = PBXFileReference; lastKnownFileType = folder.assetcatalog; path = "Preview Assets.xcassets"; sourceTree = "<group>"; };
		BF49D3D22C3A74C700A2F521 /* ScrollCell.swift */ = {isa = PBXFileReference; lastKnownFileType = sourcecode.swift; path = ScrollCell.swift; sourceTree = "<group>"; };
		BF6E99562C1B346900DB09FA /* WWDC24DemoTests.xctest */ = {isa = PBXFileReference; explicitFileType = wrapper.cfbundle; includeInIndex = 0; path = WWDC24DemoTests.xctest; sourceTree = BUILT_PRODUCTS_DIR; };
		BF6E99582C1B346900DB09FA /* WWDC24DemoTests.swift */ = {isa = PBXFileReference; lastKnownFileType = sourcecode.swift; path = WWDC24DemoTests.swift; sourceTree = "<group>"; };
		BF6E99612C1B3C1E00DB09FA /* OnboardingView.swift */ = {isa = PBXFileReference; lastKnownFileType = sourcecode.swift; path = OnboardingView.swift; sourceTree = "<group>"; };
		BF9857832C36945300846628 /* HomeView.swift */ = {isa = PBXFileReference; lastKnownFileType = sourcecode.swift; path = HomeView.swift; sourceTree = "<group>"; };
		BF9857852C3694A100846628 /* ScrollViewAPI.swift */ = {isa = PBXFileReference; lastKnownFileType = sourcecode.swift; path = ScrollViewAPI.swift; sourceTree = "<group>"; };
		BFD8B49E2C3D1EAA00366EB2 /* NewSfSymbolDemo.swift */ = {isa = PBXFileReference; lastKnownFileType = sourcecode.swift; path = NewSfSymbolDemo.swift; sourceTree = "<group>"; };
		BFF9A4BA2C36955B002F1DF9 /* NewTransitionDemo.swift */ = {isa = PBXFileReference; lastKnownFileType = sourcecode.swift; path = NewTransitionDemo.swift; sourceTree = "<group>"; };
		BFF9A4BC2C369667002F1DF9 /* AppleWWDC24AnimatedTextView.swift */ = {isa = PBXFileReference; lastKnownFileType = sourcecode.swift; path = AppleWWDC24AnimatedTextView.swift; sourceTree = "<group>"; };
		BFF9A4BE2C3696BF002F1DF9 /* FontSettings.swift */ = {isa = PBXFileReference; lastKnownFileType = sourcecode.swift; path = FontSettings.swift; sourceTree = "<group>"; };
		BFF9A4C02C3696D8002F1DF9 /* Preview.swift */ = {isa = PBXFileReference; lastKnownFileType = sourcecode.swift; path = Preview.swift; sourceTree = "<group>"; };
/* End PBXFileReference section */

/* Begin PBXFrameworksBuildPhase section */
		BF0F036B2C1A7A9400001601 /* Frameworks */ = {
			isa = PBXFrameworksBuildPhase;
			buildActionMask = 2147483647;
			files = (
			);
			runOnlyForDeploymentPostprocessing = 0;
		};
		BF6E99532C1B346900DB09FA /* Frameworks */ = {
			isa = PBXFrameworksBuildPhase;
			buildActionMask = 2147483647;
			files = (
			);
			runOnlyForDeploymentPostprocessing = 0;
		};
/* End PBXFrameworksBuildPhase section */

/* Begin PBXGroup section */
		BF0F03652C1A7A9400001601 = {
			isa = PBXGroup;
			children = (
				BF0F03702C1A7A9400001601 /* WWDC24Demo */,
				BF6E99572C1B346900DB09FA /* WWDC24DemoTests */,
				BF0F036F2C1A7A9400001601 /* Products */,
			);
			sourceTree = "<group>";
		};
		BF0F036F2C1A7A9400001601 /* Products */ = {
			isa = PBXGroup;
			children = (
				BF0F036E2C1A7A9400001601 /* WWDC24Demo.app */,
				BF6E99562C1B346900DB09FA /* WWDC24DemoTests.xctest */,
			);
			name = Products;
			sourceTree = "<group>";
		};
		BF0F03702C1A7A9400001601 /* WWDC24Demo */ = {
			isa = PBXGroup;
			children = (
				BF0F03712C1A7A9400001601 /* WWDC24DemoApp.swift */,
				BF0F03732C1A7A9400001601 /* ContentView.swift */,
				BF9857832C36945300846628 /* HomeView.swift */,
				BFD8B49E2C3D1EAA00366EB2 /* NewSfSymbolDemo.swift */,
				BFF9A4BA2C36955B002F1DF9 /* NewTransitionDemo.swift */,
				BFF9A4BC2C369667002F1DF9 /* AppleWWDC24AnimatedTextView.swift */,
				BFF9A4BE2C3696BF002F1DF9 /* FontSettings.swift */,
				BFF9A4C02C3696D8002F1DF9 /* Preview.swift */,
				BF9857852C3694A100846628 /* ScrollViewAPI.swift */,
				BF49D3D22C3A74C700A2F521 /* ScrollCell.swift */,
				BF6E99612C1B3C1E00DB09FA /* OnboardingView.swift */,
				BF0F03752C1A7A9500001601 /* Assets.xcassets */,
				BF0F03772C1A7A9500001601 /* Preview Content */,
			);
			path = WWDC24Demo;
			sourceTree = "<group>";
		};
		BF0F03772C1A7A9500001601 /* Preview Content */ = {
			isa = PBXGroup;
			children = (
				BF0F03782C1A7A9500001601 /* Preview Assets.xcassets */,
			);
			path = "Preview Content";
			sourceTree = "<group>";
		};
		BF6E99572C1B346900DB09FA /* WWDC24DemoTests */ = {
			isa = PBXGroup;
			children = (
				BF6E99582C1B346900DB09FA /* WWDC24DemoTests.swift */,
			);
			path = WWDC24DemoTests;
			sourceTree = "<group>";
		};
/* End PBXGroup section */

/* Begin PBXNativeTarget section */
		BF0F036D2C1A7A9400001601 /* WWDC24Demo */ = {
			isa = PBXNativeTarget;
			buildConfigurationList = BF0F03922C1A7A9500001601 /* Build configuration list for PBXNativeTarget "WWDC24Demo" */;
			buildPhases = (
				BF0F036A2C1A7A9400001601 /* Sources */,
				BF0F036B2C1A7A9400001601 /* Frameworks */,
				BF0F036C2C1A7A9400001601 /* Resources */,
			);
			buildRules = (
			);
			dependencies = (
			);
			name = WWDC24Demo;
			productName = WWDC24Demo;
			productReference = BF0F036E2C1A7A9400001601 /* WWDC24Demo.app */;
			productType = "com.apple.product-type.application";
		};
		BF6E99552C1B346900DB09FA /* WWDC24DemoTests */ = {
			isa = PBXNativeTarget;
			buildConfigurationList = BF6E995C2C1B346900DB09FA /* Build configuration list for PBXNativeTarget "WWDC24DemoTests" */;
			buildPhases = (
				BF6E99522C1B346900DB09FA /* Sources */,
				BF6E99532C1B346900DB09FA /* Frameworks */,
				BF6E99542C1B346900DB09FA /* Resources */,
			);
			buildRules = (
			);
			dependencies = (
				BF6E995B2C1B346900DB09FA /* PBXTargetDependency */,
			);
			name = WWDC24DemoTests;
			productName = WWDC24DemoTests;
			productReference = BF6E99562C1B346900DB09FA /* WWDC24DemoTests.xctest */;
			productType = "com.apple.product-type.bundle.unit-test";
		};
/* End PBXNativeTarget section */

/* Begin PBXProject section */
		BF0F03662C1A7A9400001601 /* Project object */ = {
			isa = PBXProject;
			attributes = {
				BuildIndependentTargetsInParallel = 1;
				LastSwiftUpdateCheck = 1600;
				LastUpgradeCheck = 1600;
				TargetAttributes = {
					BF0F036D2C1A7A9400001601 = {
						CreatedOnToolsVersion = 16.0;
					};
					BF6E99552C1B346900DB09FA = {
						CreatedOnToolsVersion = 16.0;
						TestTargetID = BF0F036D2C1A7A9400001601;
					};
				};
			};
			buildConfigurationList = BF0F03692C1A7A9400001601 /* Build configuration list for PBXProject "WWDC24Demo" */;
			compatibilityVersion = "Xcode 15.0";
			developmentRegion = en;
			hasScannedForEncodings = 0;
			knownRegions = (
				en,
				Base,
			);
			mainGroup = BF0F03652C1A7A9400001601;
			productRefGroup = BF0F036F2C1A7A9400001601 /* Products */;
			projectDirPath = "";
			projectRoot = "";
			targets = (
				BF0F036D2C1A7A9400001601 /* WWDC24Demo */,
				BF6E99552C1B346900DB09FA /* WWDC24DemoTests */,
			);
		};
/* End PBXProject section */

/* Begin PBXResourcesBuildPhase section */
		BF0F036C2C1A7A9400001601 /* Resources */ = {
			isa = PBXResourcesBuildPhase;
			buildActionMask = 2147483647;
			files = (
				BF0F03792C1A7A9500001601 /* Preview Assets.xcassets in Resources */,
				BF0F03762C1A7A9500001601 /* Assets.xcassets in Resources */,
			);
			runOnlyForDeploymentPostprocessing = 0;
		};
		BF6E99542C1B346900DB09FA /* Resources */ = {
			isa = PBXResourcesBuildPhase;
			buildActionMask = 2147483647;
			files = (
			);
			runOnlyForDeploymentPostprocessing = 0;
		};
/* End PBXResourcesBuildPhase section */

/* Begin PBXSourcesBuildPhase section */
		BF0F036A2C1A7A9400001601 /* Sources */ = {
			isa = PBXSourcesBuildPhase;
			buildActionMask = 2147483647;
			files = (
				BF6E99622C1B3C1E00DB09FA /* OnboardingView.swift in Sources */,
				BF9857842C36945300846628 /* HomeView.swift in Sources */,
				BFD8B49F2C3D1EAA00366EB2 /* NewSfSymbolDemo.swift in Sources */,
				BFF9A4BB2C36955B002F1DF9 /* NewTransitionDemo.swift in Sources */,
				BF0F03742C1A7A9400001601 /* ContentView.swift in Sources */,
				BF49D3D32C3A74C700A2F521 /* ScrollCell.swift in Sources */,
				BF9857862C3694A100846628 /* ScrollViewAPI.swift in Sources */,
				BFF9A4BF2C3696C1002F1DF9 /* FontSettings.swift in Sources */,
				BF0F03722C1A7A9400001601 /* WWDC24DemoApp.swift in Sources */,
				BFF9A4C12C3696D8002F1DF9 /* Preview.swift in Sources */,
				BFF9A4BD2C36966C002F1DF9 /* AppleWWDC24AnimatedTextView.swift in Sources */,
			);
			runOnlyForDeploymentPostprocessing = 0;
		};
		BF6E99522C1B346900DB09FA /* Sources */ = {
			isa = PBXSourcesBuildPhase;
			buildActionMask = 2147483647;
			files = (
				BF6E99592C1B346900DB09FA /* WWDC24DemoTests.swift in Sources */,
			);
			runOnlyForDeploymentPostprocessing = 0;
		};
/* End PBXSourcesBuildPhase section */

/* Begin PBXTargetDependency section */
		BF6E995B2C1B346900DB09FA /* PBXTargetDependency */ = {
			isa = PBXTargetDependency;
			target = BF0F036D2C1A7A9400001601 /* WWDC24Demo */;
			targetProxy = BF6E995A2C1B346900DB09FA /* PBXContainerItemProxy */;
		};
/* End PBXTargetDependency section */

/* Begin XCBuildConfiguration section */
		BF0F03902C1A7A9500001601 /* Debug */ = {
			isa = XCBuildConfiguration;
			buildSettings = {
				ALWAYS_SEARCH_USER_PATHS = NO;
				ASSETCATALOG_COMPILER_GENERATE_SWIFT_ASSET_SYMBOL_EXTENSIONS = YES;
				CLANG_ANALYZER_NONNULL = YES;
				CLANG_ANALYZER_NUMBER_OBJECT_CONVERSION = YES_AGGRESSIVE;
				CLANG_CXX_LANGUAGE_STANDARD = "gnu++20";
				CLANG_ENABLE_MODULES = YES;
				CLANG_ENABLE_OBJC_ARC = YES;
				CLANG_ENABLE_OBJC_WEAK = YES;
				CLANG_WARN_BLOCK_CAPTURE_AUTORELEASING = YES;
				CLANG_WARN_BOOL_CONVERSION = YES;
				CLANG_WARN_COMMA = YES;
				CLANG_WARN_CONSTANT_CONVERSION = YES;
				CLANG_WARN_DEPRECATED_OBJC_IMPLEMENTATIONS = YES;
				CLANG_WARN_DIRECT_OBJC_ISA_USAGE = YES_ERROR;
				CLANG_WARN_DOCUMENTATION_COMMENTS = YES;
				CLANG_WARN_EMPTY_BODY = YES;
				CLANG_WARN_ENUM_CONVERSION = YES;
				CLANG_WARN_INFINITE_RECURSION = YES;
				CLANG_WARN_INT_CONVERSION = YES;
				CLANG_WARN_NON_LITERAL_NULL_CONVERSION = YES;
				CLANG_WARN_OBJC_IMPLICIT_RETAIN_SELF = YES;
				CLANG_WARN_OBJC_LITERAL_CONVERSION = YES;
				CLANG_WARN_OBJC_ROOT_CLASS = YES_ERROR;
				CLANG_WARN_QUOTED_INCLUDE_IN_FRAMEWORK_HEADER = YES;
				CLANG_WARN_RANGE_LOOP_ANALYSIS = YES;
				CLANG_WARN_STRICT_PROTOTYPES = YES;
				CLANG_WARN_SUSPICIOUS_MOVE = YES;
				CLANG_WARN_UNGUARDED_AVAILABILITY = YES_AGGRESSIVE;
				CLANG_WARN_UNREACHABLE_CODE = YES;
				CLANG_WARN__DUPLICATE_METHOD_MATCH = YES;
				COPY_PHASE_STRIP = NO;
				DEBUG_INFORMATION_FORMAT = dwarf;
				ENABLE_STRICT_OBJC_MSGSEND = YES;
				ENABLE_TESTABILITY = YES;
				ENABLE_USER_SCRIPT_SANDBOXING = YES;
				GCC_C_LANGUAGE_STANDARD = gnu17;
				GCC_DYNAMIC_NO_PIC = NO;
				GCC_NO_COMMON_BLOCKS = YES;
				GCC_OPTIMIZATION_LEVEL = 0;
				GCC_PREPROCESSOR_DEFINITIONS = (
					"DEBUG=1",
					"$(inherited)",
				);
				GCC_WARN_64_TO_32_BIT_CONVERSION = YES;
				GCC_WARN_ABOUT_RETURN_TYPE = YES_ERROR;
				GCC_WARN_UNDECLARED_SELECTOR = YES;
				GCC_WARN_UNINITIALIZED_AUTOS = YES_AGGRESSIVE;
				GCC_WARN_UNUSED_FUNCTION = YES;
				GCC_WARN_UNUSED_VARIABLE = YES;
				IPHONEOS_DEPLOYMENT_TARGET = 18.0;
				LOCALIZATION_PREFERS_STRING_CATALOGS = YES;
				MTL_ENABLE_DEBUG_INFO = INCLUDE_SOURCE;
				MTL_FAST_MATH = YES;
				ONLY_ACTIVE_ARCH = YES;
				SDKROOT = iphoneos;
				SWIFT_ACTIVE_COMPILATION_CONDITIONS = "DEBUG $(inherited)";
				SWIFT_OPTIMIZATION_LEVEL = "-Onone";
			};
			name = Debug;
		};
		BF0F03912C1A7A9500001601 /* Release */ = {
			isa = XCBuildConfiguration;
			buildSettings = {
				ALWAYS_SEARCH_USER_PATHS = NO;
				ASSETCATALOG_COMPILER_GENERATE_SWIFT_ASSET_SYMBOL_EXTENSIONS = YES;
				CLANG_ANALYZER_NONNULL = YES;
				CLANG_ANALYZER_NUMBER_OBJECT_CONVERSION = YES_AGGRESSIVE;
				CLANG_CXX_LANGUAGE_STANDARD = "gnu++20";
				CLANG_ENABLE_MODULES = YES;
				CLANG_ENABLE_OBJC_ARC = YES;
				CLANG_ENABLE_OBJC_WEAK = YES;
				CLANG_WARN_BLOCK_CAPTURE_AUTORELEASING = YES;
				CLANG_WARN_BOOL_CONVERSION = YES;
				CLANG_WARN_COMMA = YES;
				CLANG_WARN_CONSTANT_CONVERSION = YES;
				CLANG_WARN_DEPRECATED_OBJC_IMPLEMENTATIONS = YES;
				CLANG_WARN_DIRECT_OBJC_ISA_USAGE = YES_ERROR;
				CLANG_WARN_DOCUMENTATION_COMMENTS = YES;
				CLANG_WARN_EMPTY_BODY = YES;
				CLANG_WARN_ENUM_CONVERSION = YES;
				CLANG_WARN_INFINITE_RECURSION = YES;
				CLANG_WARN_INT_CONVERSION = YES;
				CLANG_WARN_NON_LITERAL_NULL_CONVERSION = YES;
				CLANG_WARN_OBJC_IMPLICIT_RETAIN_SELF = YES;
				CLANG_WARN_OBJC_LITERAL_CONVERSION = YES;
				CLANG_WARN_OBJC_ROOT_CLASS = YES_ERROR;
				CLANG_WARN_QUOTED_INCLUDE_IN_FRAMEWORK_HEADER = YES;
				CLANG_WARN_RANGE_LOOP_ANALYSIS = YES;
				CLANG_WARN_STRICT_PROTOTYPES = YES;
				CLANG_WARN_SUSPICIOUS_MOVE = YES;
				CLANG_WARN_UNGUARDED_AVAILABILITY = YES_AGGRESSIVE;
				CLANG_WARN_UNREACHABLE_CODE = YES;
				CLANG_WARN__DUPLICATE_METHOD_MATCH = YES;
				COPY_PHASE_STRIP = NO;
				DEBUG_INFORMATION_FORMAT = "dwarf-with-dsym";
				ENABLE_NS_ASSERTIONS = NO;
				ENABLE_STRICT_OBJC_MSGSEND = YES;
				ENABLE_USER_SCRIPT_SANDBOXING = YES;
				GCC_C_LANGUAGE_STANDARD = gnu17;
				GCC_NO_COMMON_BLOCKS = YES;
				GCC_WARN_64_TO_32_BIT_CONVERSION = YES;
				GCC_WARN_ABOUT_RETURN_TYPE = YES_ERROR;
				GCC_WARN_UNDECLARED_SELECTOR = YES;
				GCC_WARN_UNINITIALIZED_AUTOS = YES_AGGRESSIVE;
				GCC_WARN_UNUSED_FUNCTION = YES;
				GCC_WARN_UNUSED_VARIABLE = YES;
				IPHONEOS_DEPLOYMENT_TARGET = 18.0;
				LOCALIZATION_PREFERS_STRING_CATALOGS = YES;
				MTL_ENABLE_DEBUG_INFO = NO;
				MTL_FAST_MATH = YES;
				SDKROOT = iphoneos;
				SWIFT_COMPILATION_MODE = wholemodule;
				VALIDATE_PRODUCT = YES;
			};
			name = Release;
		};
		BF0F03932C1A7A9500001601 /* Debug */ = {
			isa = XCBuildConfiguration;
			buildSettings = {
				ASSETCATALOG_COMPILER_APPICON_NAME = AppIcon;
				ASSETCATALOG_COMPILER_GLOBAL_ACCENT_COLOR_NAME = AccentColor;
				CODE_SIGN_STYLE = Automatic;
				CURRENT_PROJECT_VERSION = 1;
				DEVELOPMENT_ASSET_PATHS = "\"WWDC24Demo/Preview Content\"";
				DEVELOPMENT_TEAM = N492VC6PS9;
				ENABLE_PREVIEWS = YES;
				GENERATE_INFOPLIST_FILE = YES;
				INFOPLIST_KEY_UIApplicationSceneManifest_Generation = YES;
				INFOPLIST_KEY_UIApplicationSupportsIndirectInputEvents = YES;
				INFOPLIST_KEY_UILaunchScreen_Generation = YES;
				INFOPLIST_KEY_UISupportedInterfaceOrientations_iPad = "UIInterfaceOrientationPortrait UIInterfaceOrientationPortraitUpsideDown UIInterfaceOrientationLandscapeLeft UIInterfaceOrientationLandscapeRight";
				INFOPLIST_KEY_UISupportedInterfaceOrientations_iPhone = "UIInterfaceOrientationPortrait UIInterfaceOrientationLandscapeLeft UIInterfaceOrientationLandscapeRight";
				LD_RUNPATH_SEARCH_PATHS = (
					"$(inherited)",
					"@executable_path/Frameworks",
				);
				MARKETING_VERSION = 1.0;
				PRODUCT_BUNDLE_IDENTIFIER = co.terrykuo.WWDC24Demo;
				PRODUCT_NAME = "$(TARGET_NAME)";
				SUPPORTED_PLATFORMS = "iphoneos iphonesimulator";
				SUPPORTS_MACCATALYST = NO;
				SUPPORTS_MAC_DESIGNED_FOR_IPHONE_IPAD = NO;
				SUPPORTS_XR_DESIGNED_FOR_IPHONE_IPAD = NO;
				SWIFT_EMIT_LOC_STRINGS = YES;
				SWIFT_VERSION = 5.0;
				TARGETED_DEVICE_FAMILY = "1,2";
			};
			name = Debug;
		};
		BF0F03942C1A7A9500001601 /* Release */ = {
			isa = XCBuildConfiguration;
			buildSettings = {
				ASSETCATALOG_COMPILER_APPICON_NAME = AppIcon;
				ASSETCATALOG_COMPILER_GLOBAL_ACCENT_COLOR_NAME = AccentColor;
				CODE_SIGN_STYLE = Automatic;
				CURRENT_PROJECT_VERSION = 1;
				DEVELOPMENT_ASSET_PATHS = "\"WWDC24Demo/Preview Content\"";
				DEVELOPMENT_TEAM = N492VC6PS9;
				ENABLE_PREVIEWS = YES;
				GENERATE_INFOPLIST_FILE = YES;
				INFOPLIST_KEY_UIApplicationSceneManifest_Generation = YES;
				INFOPLIST_KEY_UIApplicationSupportsIndirectInputEvents = YES;
				INFOPLIST_KEY_UILaunchScreen_Generation = YES;
				INFOPLIST_KEY_UISupportedInterfaceOrientations_iPad = "UIInterfaceOrientationPortrait UIInterfaceOrientationPortraitUpsideDown UIInterfaceOrientationLandscapeLeft UIInterfaceOrientationLandscapeRight";
				INFOPLIST_KEY_UISupportedInterfaceOrientations_iPhone = "UIInterfaceOrientationPortrait UIInterfaceOrientationLandscapeLeft UIInterfaceOrientationLandscapeRight";
				LD_RUNPATH_SEARCH_PATHS = (
					"$(inherited)",
					"@executable_path/Frameworks",
				);
				MARKETING_VERSION = 1.0;
				PRODUCT_BUNDLE_IDENTIFIER = co.terrykuo.WWDC24Demo;
				PRODUCT_NAME = "$(TARGET_NAME)";
				SUPPORTED_PLATFORMS = "iphoneos iphonesimulator";
				SUPPORTS_MACCATALYST = NO;
				SUPPORTS_MAC_DESIGNED_FOR_IPHONE_IPAD = NO;
				SUPPORTS_XR_DESIGNED_FOR_IPHONE_IPAD = NO;
				SWIFT_EMIT_LOC_STRINGS = YES;
				SWIFT_VERSION = 5.0;
				TARGETED_DEVICE_FAMILY = "1,2";
			};
			name = Release;
		};
		BF6E995D2C1B346900DB09FA /* Debug */ = {
			isa = XCBuildConfiguration;
			buildSettings = {
				BUNDLE_LOADER = "$(TEST_HOST)";
				CODE_SIGN_STYLE = Automatic;
				CURRENT_PROJECT_VERSION = 1;
				DEVELOPMENT_TEAM = N492VC6PS9;
				GENERATE_INFOPLIST_FILE = YES;
				MARKETING_VERSION = 1.0;
				PRODUCT_BUNDLE_IDENTIFIER = co.terrykuo.WWDC24DemoTests;
				PRODUCT_NAME = "$(TARGET_NAME)";
				SWIFT_EMIT_LOC_STRINGS = NO;
				SWIFT_VERSION = 5.0;
				TARGETED_DEVICE_FAMILY = "1,2";
				TEST_HOST = "$(BUILT_PRODUCTS_DIR)/WWDC24Demo.app/$(BUNDLE_EXECUTABLE_FOLDER_PATH)/WWDC24Demo";
			};
			name = Debug;
		};
		BF6E995E2C1B346900DB09FA /* Release */ = {
			isa = XCBuildConfiguration;
			buildSettings = {
				BUNDLE_LOADER = "$(TEST_HOST)";
				CODE_SIGN_STYLE = Automatic;
				CURRENT_PROJECT_VERSION = 1;
				DEVELOPMENT_TEAM = N492VC6PS9;
				GENERATE_INFOPLIST_FILE = YES;
				MARKETING_VERSION = 1.0;
				PRODUCT_BUNDLE_IDENTIFIER = co.terrykuo.WWDC24DemoTests;
				PRODUCT_NAME = "$(TARGET_NAME)";
				SWIFT_EMIT_LOC_STRINGS = NO;
				SWIFT_VERSION = 5.0;
				TARGETED_DEVICE_FAMILY = "1,2";
				TEST_HOST = "$(BUILT_PRODUCTS_DIR)/WWDC24Demo.app/$(BUNDLE_EXECUTABLE_FOLDER_PATH)/WWDC24Demo";
			};
			name = Release;
		};
/* End XCBuildConfiguration section */

/* Begin XCConfigurationList section */
		BF0F03692C1A7A9400001601 /* Build configuration list for PBXProject "WWDC24Demo" */ = {
			isa = XCConfigurationList;
			buildConfigurations = (
				BF0F03902C1A7A9500001601 /* Debug */,
				BF0F03912C1A7A9500001601 /* Release */,
			);
			defaultConfigurationIsVisible = 0;
			defaultConfigurationName = Release;
		};
		BF0F03922C1A7A9500001601 /* Build configuration list for PBXNativeTarget "WWDC24Demo" */ = {
			isa = XCConfigurationList;
			buildConfigurations = (
				BF0F03932C1A7A9500001601 /* Debug */,
				BF0F03942C1A7A9500001601 /* Release */,
			);
			defaultConfigurationIsVisible = 0;
			defaultConfigurationName = Release;
		};
		BF6E995C2C1B346900DB09FA /* Build configuration list for PBXNativeTarget "WWDC24DemoTests" */ = {
			isa = XCConfigurationList;
			buildConfigurations = (
				BF6E995D2C1B346900DB09FA /* Debug */,
				BF6E995E2C1B346900DB09FA /* Release */,
			);
			defaultConfigurationIsVisible = 0;
			defaultConfigurationName = Release;
		};
/* End XCConfigurationList section */
	};
	rootObject = BF0F03662C1A7A9400001601 /* Project object */;
}
